
Microsoft Visual Studio Solution File, Format Version 12.00
# Visual Studio Version 17
VisualStudioVersion = 17.6.33829.357
MinimumVisualStudioVersion = 10.0.40219.1
Project("{FAE04EC0-301F-11D3-BF4B-00C04F79EFBC}") = "CustomerFeedbackSystem.API", "CustomerFeedbackSystem.API\CustomerFeedbackSystem.API.csproj", "{11BF4C9D-49E7-41EE-923F-3EE9AAE01F77}"
EndProject
Project("{FAE04EC0-301F-11D3-BF4B-00C04F79EFBC}") = "CustomerFeedbackSystem.Domain", "CustomerFeedbackSystem.Domain\CustomerFeedbackSystem.Domain.csproj", "{CC558801-FCD0-423F-8494-821DD8C65D44}"
EndProject
Project("{FAE04EC0-301F-11D3-BF4B-00C04F79EFBC}") = "CustomerFeedbackSystem.Application", "CustomerFeedbackSystem.Application\CustomerFeedbackSystem.Application.csproj", "{B7038CF0-2948-4E3D-9052-BB620AA90E40}"
EndProject
Project("{FAE04EC0-301F-11D3-BF4B-00C04F79EFBC}") = "CustomerFeedbackSystem.Infrastructure", "CustomerFeedbackSystem.Persistence\CustomerFeedbackSystem.Infrastructure.csproj", "{5CA108BE-D554-48F7-A26A-46C1B814787D}"
EndProject
Global
	GlobalSection(SolutionConfigurationPlatforms) = preSolution
		Debug|Any CPU = Debug|Any CPU
		Release|Any CPU = Release|Any CPU
	EndGlobalSection
	GlobalSection(ProjectConfigurationPlatforms) = postSolution
		{11BF4C9D-49E7-41EE-923F-3EE9AAE01F77}.Debug|Any CPU.ActiveCfg = Debug|Any CPU
		{11BF4C9D-49E7-41EE-923F-3EE9AAE01F77}.Debug|Any CPU.Build.0 = Debug|Any CPU
		{11BF4C9D-49E7-41EE-923F-3EE9AAE01F77}.Release|Any CPU.ActiveCfg = Release|Any CPU
		{11BF4C9D-49E7-41EE-923F-3EE9AAE01F77}.Release|Any CPU.Build.0 = Release|Any CPU
		{CC558801-FCD0-423F-8494-821DD8C65D44}.Debug|Any CPU.ActiveCfg = Debug|Any CPU
		{CC558801-FCD0-423F-8494-821DD8C65D44}.Debug|Any CPU.Build.0 = Debug|Any CPU
		{CC558801-FCD0-423F-8494-821DD8C65D44}.Release|Any CPU.ActiveCfg = Release|Any CPU
		{CC558801-FCD0-423F-8494-821DD8C65D44}.Release|Any CPU.Build.0 = Release|Any CPU
		{B7038CF0-2948-4E3D-9052-BB620AA90E40}.Debug|Any CPU.ActiveCfg = Debug|Any CPU
		{B7038CF0-2948-4E3D-9052-BB620AA90E40}.Debug|Any CPU.Build.0 = Debug|Any CPU
		{B7038CF0-2948-4E3D-9052-BB620AA90E40}.Release|Any CPU.ActiveCfg = Release|Any CPU
		{B7038CF0-2948-4E3D-9052-BB620AA90E40}.Release|Any CPU.Build.0 = Release|Any CPU
		{5CA108BE-D554-48F7-A26A-46C1B814787D}.Debug|Any CPU.ActiveCfg = Debug|Any CPU
		{5CA108BE-D554-48F7-A26A-46C1B814787D}.Debug|Any CPU.Build.0 = Debug|Any CPU
		{5CA108BE-D554-48F7-A26A-46C1B814787D}.Release|Any CPU.ActiveCfg = Release|Any CPU
		{5CA108BE-D554-48F7-A26A-46C1B814787D}.Release|Any CPU.Build.0 = Release|Any CPU
	EndGlobalSection
	GlobalSection(SolutionProperties) = preSolution
		HideSolutionNode = FALSE
	EndGlobalSection
	GlobalSection(ExtensibilityGlobals) = postSolution
		SolutionGuid = {185BA4F0-7A52-47D9-9E37-0AEDC04020B2}
	EndGlobalSection
EndGlobal
